// !$*UTF8*$!
{
	archiveVersion = 1;
	classes = {
	};
	objectVersion = 46;
	objects = {

/* Begin PBXBuildFile section */
		9407EE491EA1ACB700FC431A /* AppDelegate.swift in Sources */ = {isa = PBXBuildFile; fileRef = 9407EE481EA1ACB700FC431A /* AppDelegate.swift */; };
		9407EE4B1EA1ACB700FC431A /* ItemListViewController.swift in Sources */ = {isa = PBXBuildFile; fileRef = 9407EE4A1EA1ACB700FC431A /* ItemListViewController.swift */; };
		9407EE4E1EA1ACB700FC431A /* Main.storyboard in Resources */ = {isa = PBXBuildFile; fileRef = 9407EE4C1EA1ACB700FC431A /* Main.storyboard */; };
		9407EE501EA1ACB700FC431A /* Assets.xcassets in Resources */ = {isa = PBXBuildFile; fileRef = 9407EE4F1EA1ACB700FC431A /* Assets.xcassets */; };
		9407EE531EA1ACB700FC431A /* LaunchScreen.storyboard in Resources */ = {isa = PBXBuildFile; fileRef = 9407EE511EA1ACB700FC431A /* LaunchScreen.storyboard */; };
		9407EE5E1EA1ACB700FC431A /* MyInventoryTests.swift in Sources */ = {isa = PBXBuildFile; fileRef = 9407EE5D1EA1ACB700FC431A /* MyInventoryTests.swift */; };
		9407EE691EA1ACB800FC431A /* MyInventoryUITests.swift in Sources */ = {isa = PBXBuildFile; fileRef = 9407EE681EA1ACB800FC431A /* MyInventoryUITests.swift */; };
		945670A21F24773800E80CED /* ItemTableCell.swift in Sources */ = {isa = PBXBuildFile; fileRef = 945670A11F24773800E80CED /* ItemTableCell.swift */; };
		945670A41F24774900E80CED /* AddItemViewController.swift in Sources */ = {isa = PBXBuildFile; fileRef = 945670A31F24774900E80CED /* AddItemViewController.swift */; };
		945670A81F24778400E80CED /* User.swift in Sources */ = {isa = PBXBuildFile; fileRef = 945670A71F24778400E80CED /* User.swift */; };
		945670AA1F24778E00E80CED /* Item.swift in Sources */ = {isa = PBXBuildFile; fileRef = 945670A91F24778E00E80CED /* Item.swift */; };
		94E2F5A91F393032002BEFE6 /* UserTests.swift in Sources */ = {isa = PBXBuildFile; fileRef = 94E2F5A81F393031002BEFE6 /* UserTests.swift */; };
/* End PBXBuildFile section */

/* Begin PBXContainerItemProxy section */
		9407EE5A1EA1ACB700FC431A /* PBXContainerItemProxy */ = {
			isa = PBXContainerItemProxy;
			containerPortal = 9407EE3D1EA1ACB700FC431A /* Project object */;
			proxyType = 1;
			remoteGlobalIDString = 9407EE441EA1ACB700FC431A;
			remoteInfo = MyInventory;
		};
		9407EE651EA1ACB700FC431A /* PBXContainerItemProxy */ = {
			isa = PBXContainerItemProxy;
			containerPortal = 9407EE3D1EA1ACB700FC431A /* Project object */;
			proxyType = 1;
			remoteGlobalIDString = 9407EE441EA1ACB700FC431A;
			remoteInfo = MyInventory;
		};
/* End PBXContainerItemProxy section */

/* Begin PBXFileReference section */
		9407EE451EA1ACB700FC431A /* MyInventory.app */ = {isa = PBXFileReference; explicitFileType = wrapper.application; includeInIndex = 0; path = MyInventory.app; sourceTree = BUILT_PRODUCTS_DIR; };
		9407EE481EA1ACB700FC431A /* AppDelegate.swift */ = {isa = PBXFileReference; lastKnownFileType = sourcecode.swift; path = AppDelegate.swift; sourceTree = "<group>"; };
		9407EE4A1EA1ACB700FC431A /* ItemListViewController.swift */ = {isa = PBXFileReference; lastKnownFileType = sourcecode.swift; path = ItemListViewController.swift; sourceTree = "<group>"; };
		9407EE4D1EA1ACB700FC431A /* Base */ = {isa = PBXFileReference; lastKnownFileType = file.storyboard; name = Base; path = Base.lproj/Main.storyboard; sourceTree = "<group>"; };
		9407EE4F1EA1ACB700FC431A /* Assets.xcassets */ = {isa = PBXFileReference; lastKnownFileType = folder.assetcatalog; path = Assets.xcassets; sourceTree = "<group>"; };
		9407EE521EA1ACB700FC431A /* Base */ = {isa = PBXFileReference; lastKnownFileType = file.storyboard; name = Base; path = Base.lproj/LaunchScreen.storyboard; sourceTree = "<group>"; };
		9407EE541EA1ACB700FC431A /* Info.plist */ = {isa = PBXFileReference; lastKnownFileType = text.plist.xml; path = Info.plist; sourceTree = "<group>"; };
		9407EE591EA1ACB700FC431A /* MyInventoryTests.xctest */ = {isa = PBXFileReference; explicitFileType = wrapper.cfbundle; includeInIndex = 0; path = MyInventoryTests.xctest; sourceTree = BUILT_PRODUCTS_DIR; };
		9407EE5D1EA1ACB700FC431A /* MyInventoryTests.swift */ = {isa = PBXFileReference; lastKnownFileType = sourcecode.swift; path = MyInventoryTests.swift; sourceTree = "<group>"; };
		9407EE5F1EA1ACB700FC431A /* Info.plist */ = {isa = PBXFileReference; lastKnownFileType = text.plist.xml; path = Info.plist; sourceTree = "<group>"; };
		9407EE641EA1ACB700FC431A /* MyInventoryUITests.xctest */ = {isa = PBXFileReference; explicitFileType = wrapper.cfbundle; includeInIndex = 0; path = MyInventoryUITests.xctest; sourceTree = BUILT_PRODUCTS_DIR; };
		9407EE681EA1ACB800FC431A /* MyInventoryUITests.swift */ = {isa = PBXFileReference; lastKnownFileType = sourcecode.swift; path = MyInventoryUITests.swift; sourceTree = "<group>"; };
		9407EE6A1EA1ACB800FC431A /* Info.plist */ = {isa = PBXFileReference; lastKnownFileType = text.plist.xml; path = Info.plist; sourceTree = "<group>"; };
		945670A11F24773800E80CED /* ItemTableCell.swift */ = {isa = PBXFileReference; fileEncoding = 4; lastKnownFileType = sourcecode.swift; path = ItemTableCell.swift; sourceTree = "<group>"; };
		945670A31F24774900E80CED /* AddItemViewController.swift */ = {isa = PBXFileReference; fileEncoding = 4; lastKnownFileType = sourcecode.swift; path = AddItemViewController.swift; sourceTree = "<group>"; };
		945670A71F24778400E80CED /* User.swift */ = {isa = PBXFileReference; fileEncoding = 4; lastKnownFileType = sourcecode.swift; path = User.swift; sourceTree = "<group>"; };
		945670A91F24778E00E80CED /* Item.swift */ = {isa = PBXFileReference; fileEncoding = 4; lastKnownFileType = sourcecode.swift; path = Item.swift; sourceTree = "<group>"; };
		94E2F5A81F393031002BEFE6 /* UserTests.swift */ = {isa = PBXFileReference; fileEncoding = 4; lastKnownFileType = sourcecode.swift; path = UserTests.swift; sourceTree = "<group>"; };
/* End PBXFileReference section */

/* Begin PBXFrameworksBuildPhase section */
		9407EE421EA1ACB700FC431A /* Frameworks */ = {
			isa = PBXFrameworksBuildPhase;
			buildActionMask = 2147483647;
			files = (
			);
			runOnlyForDeploymentPostprocessing = 0;
		};
		9407EE561EA1ACB700FC431A /* Frameworks */ = {
			isa = PBXFrameworksBuildPhase;
			buildActionMask = 2147483647;
			files = (
			);
			runOnlyForDeploymentPostprocessing = 0;
		};
		9407EE611EA1ACB700FC431A /* Frameworks */ = {
			isa = PBXFrameworksBuildPhase;
			buildActionMask = 2147483647;
			files = (
			);
			runOnlyForDeploymentPostprocessing = 0;
		};
/* End PBXFrameworksBuildPhase section */

/* Begin PBXGroup section */
		9407EE3C1EA1ACB700FC431A = {
			isa = PBXGroup;
			children = (
				9407EE471EA1ACB700FC431A /* MyInventory */,
				9407EE5C1EA1ACB700FC431A /* MyInventoryTests */,
				9407EE671EA1ACB800FC431A /* MyInventoryUITests */,
				9407EE461EA1ACB700FC431A /* Products */,
			);
			sourceTree = "<group>";
		};
		9407EE461EA1ACB700FC431A /* Products */ = {
			isa = PBXGroup;
			children = (
				9407EE451EA1ACB700FC431A /* MyInventory.app */,
				9407EE591EA1ACB700FC431A /* MyInventoryTests.xctest */,
				9407EE641EA1ACB700FC431A /* MyInventoryUITests.xctest */,
			);
			name = Products;
			sourceTree = "<group>";
		};
		9407EE471EA1ACB700FC431A /* MyInventory */ = {
			isa = PBXGroup;
			children = (
				9407EE481EA1ACB700FC431A /* AppDelegate.swift */,
				9407EE4A1EA1ACB700FC431A /* ItemListViewController.swift */,
				9407EE4C1EA1ACB700FC431A /* Main.storyboard */,
				945670A11F24773800E80CED /* ItemTableCell.swift */,
				945670A31F24774900E80CED /* AddItemViewController.swift */,
				945670A71F24778400E80CED /* User.swift */,
				945670A91F24778E00E80CED /* Item.swift */,
				9407EE4F1EA1ACB700FC431A /* Assets.xcassets */,
				9407EE511EA1ACB700FC431A /* LaunchScreen.storyboard */,
				9407EE541EA1ACB700FC431A /* Info.plist */,
			);
			path = MyInventory;
			sourceTree = "<group>";
		};
		9407EE5C1EA1ACB700FC431A /* MyInventoryTests */ = {
			isa = PBXGroup;
			children = (
				9407EE5D1EA1ACB700FC431A /* MyInventoryTests.swift */,
				94E2F5A81F393031002BEFE6 /* UserTests.swift */,
				9407EE5F1EA1ACB700FC431A /* Info.plist */,
			);
			path = MyInventoryTests;
			sourceTree = "<group>";
		};
		9407EE671EA1ACB800FC431A /* MyInventoryUITests */ = {
			isa = PBXGroup;
			children = (
				9407EE681EA1ACB800FC431A /* MyInventoryUITests.swift */,
				9407EE6A1EA1ACB800FC431A /* Info.plist */,
			);
			path = MyInventoryUITests;
			sourceTree = "<group>";
		};
/* End PBXGroup section */

/* Begin PBXNativeTarget section */
		9407EE441EA1ACB700FC431A /* MyInventory */ = {
			isa = PBXNativeTarget;
			buildConfigurationList = 9407EE6D1EA1ACB800FC431A /* Build configuration list for PBXNativeTarget "MyInventory" */;
			buildPhases = (
				9407EE411EA1ACB700FC431A /* Sources */,
				9407EE421EA1ACB700FC431A /* Frameworks */,
				9407EE431EA1ACB700FC431A /* Resources */,
			);
			buildRules = (
			);
			dependencies = (
			);
			name = MyInventory;
			productName = MyInventory;
			productReference = 9407EE451EA1ACB700FC431A /* MyInventory.app */;
			productType = "com.apple.product-type.application";
		};
		9407EE581EA1ACB700FC431A /* MyInventoryTests */ = {
			isa = PBXNativeTarget;
			buildConfigurationList = 9407EE701EA1ACB800FC431A /* Build configuration list for PBXNativeTarget "MyInventoryTests" */;
			buildPhases = (
				9407EE551EA1ACB700FC431A /* Sources */,
				9407EE561EA1ACB700FC431A /* Frameworks */,
				9407EE571EA1ACB700FC431A /* Resources */,
			);
			buildRules = (
			);
			dependencies = (
				9407EE5B1EA1ACB700FC431A /* PBXTargetDependency */,
			);
			name = MyInventoryTests;
			productName = MyInventoryTests;
			productReference = 9407EE591EA1ACB700FC431A /* MyInventoryTests.xctest */;
			productType = "com.apple.product-type.bundle.unit-test";
		};
		9407EE631EA1ACB700FC431A /* MyInventoryUITests */ = {
			isa = PBXNativeTarget;
			buildConfigurationList = 9407EE731EA1ACB800FC431A /* Build configuration list for PBXNativeTarget "MyInventoryUITests" */;
			buildPhases = (
				9407EE601EA1ACB700FC431A /* Sources */,
				9407EE611EA1ACB700FC431A /* Frameworks */,
				9407EE621EA1ACB700FC431A /* Resources */,
			);
			buildRules = (
			);
			dependencies = (
				9407EE661EA1ACB700FC431A /* PBXTargetDependency */,
			);
			name = MyInventoryUITests;
			productName = MyInventoryUITests;
			productReference = 9407EE641EA1ACB700FC431A /* MyInventoryUITests.xctest */;
			productType = "com.apple.product-type.bundle.ui-testing";
		};
/* End PBXNativeTarget section */

/* Begin PBXProject section */
		9407EE3D1EA1ACB700FC431A /* Project object */ = {
			isa = PBXProject;
			attributes = {
				LastSwiftUpdateCheck = 0820;
				LastUpgradeCheck = 0820;
				ORGANIZATIONNAME = jpettit;
				TargetAttributes = {
					9407EE441EA1ACB700FC431A = {
						CreatedOnToolsVersion = 8.2.1;
						ProvisioningStyle = Automatic;
					};
					9407EE581EA1ACB700FC431A = {
						CreatedOnToolsVersion = 8.2.1;
						ProvisioningStyle = Automatic;
						TestTargetID = 9407EE441EA1ACB700FC431A;
					};
					9407EE631EA1ACB700FC431A = {
						CreatedOnToolsVersion = 8.2.1;
						ProvisioningStyle = Automatic;
						TestTargetID = 9407EE441EA1ACB700FC431A;
					};
				};
			};
			buildConfigurationList = 9407EE401EA1ACB700FC431A /* Build configuration list for PBXProject "MyInventory" */;
			compatibilityVersion = "Xcode 3.2";
			developmentRegion = English;
			hasScannedForEncodings = 0;
			knownRegions = (
				en,
				Base,
			);
			mainGroup = 9407EE3C1EA1ACB700FC431A;
			productRefGroup = 9407EE461EA1ACB700FC431A /* Products */;
			projectDirPath = "";
			projectRoot = "";
			targets = (
				9407EE441EA1ACB700FC431A /* MyInventory */,
				9407EE581EA1ACB700FC431A /* MyInventoryTests */,
				9407EE631EA1ACB700FC431A /* MyInventoryUITests */,
			);
		};
/* End PBXProject section */

/* Begin PBXResourcesBuildPhase section */
		9407EE431EA1ACB700FC431A /* Resources */ = {
			isa = PBXResourcesBuildPhase;
			buildActionMask = 2147483647;
			files = (
				9407EE531EA1ACB700FC431A /* LaunchScreen.storyboard in Resources */,
				9407EE501EA1ACB700FC431A /* Assets.xcassets in Resources */,
				9407EE4E1EA1ACB700FC431A /* Main.storyboard in Resources */,
			);
			runOnlyForDeploymentPostprocessing = 0;
		};
		9407EE571EA1ACB700FC431A /* Resources */ = {
			isa = PBXResourcesBuildPhase;
			buildActionMask = 2147483647;
			files = (
			);
			runOnlyForDeploymentPostprocessing = 0;
		};
		9407EE621EA1ACB700FC431A /* Resources */ = {
			isa = PBXResourcesBuildPhase;
			buildActionMask = 2147483647;
			files = (
			);
			runOnlyForDeploymentPostprocessing = 0;
		};
/* End PBXResourcesBuildPhase section */

/* Begin PBXSourcesBuildPhase section */
		9407EE411EA1ACB700FC431A /* Sources */ = {
			isa = PBXSourcesBuildPhase;
			buildActionMask = 2147483647;
			files = (
				9407EE4B1EA1ACB700FC431A /* ItemListViewController.swift in Sources */,
				945670A81F24778400E80CED /* User.swift in Sources */,
				945670A41F24774900E80CED /* AddItemViewController.swift in Sources */,
				945670AA1F24778E00E80CED /* Item.swift in Sources */,
				9407EE491EA1ACB700FC431A /* AppDelegate.swift in Sources */,
				945670A21F24773800E80CED /* ItemTableCell.swift in Sources */,
			);
			runOnlyForDeploymentPostprocessing = 0;
		};
		9407EE551EA1ACB700FC431A /* Sources */ = {
			isa = PBXSourcesBuildPhase;
			buildActionMask = 2147483647;
			files = (
				94E2F5A91F393032002BEFE6 /* UserTests.swift in Sources */,
				9407EE5E1EA1ACB700FC431A /* MyInventoryTests.swift in Sources */,
			);
			runOnlyForDeploymentPostprocessing = 0;
		};
		9407EE601EA1ACB700FC431A /* Sources */ = {
			isa = PBXSourcesBuildPhase;
			buildActionMask = 2147483647;
			files = (
				9407EE691EA1ACB800FC431A /* MyInventoryUITests.swift in Sources */,
			);
			runOnlyForDeploymentPostprocessing = 0;
		};
/* End PBXSourcesBuildPhase section */

/* Begin PBXTargetDependency section */
		9407EE5B1EA1ACB700FC431A /* PBXTargetDependency */ = {
			isa = PBXTargetDependency;
			target = 9407EE441EA1ACB700FC431A /* MyInventory */;
			targetProxy = 9407EE5A1EA1ACB700FC431A /* PBXContainerItemProxy */;
		};
		9407EE661EA1ACB700FC431A /* PBXTargetDependency */ = {
			isa = PBXTargetDependency;
			target = 9407EE441EA1ACB700FC431A /* MyInventory */;
			targetProxy = 9407EE651EA1ACB700FC431A /* PBXContainerItemProxy */;
		};
/* End PBXTargetDependency section */

/* Begin PBXVariantGroup section */
		9407EE4C1EA1ACB700FC431A /* Main.storyboard */ = {
			isa = PBXVariantGroup;
			children = (
				9407EE4D1EA1ACB700FC431A /* Base */,
			);
			name = Main.storyboard;
			sourceTree = "<group>";
		};
		9407EE511EA1ACB700FC431A /* LaunchScreen.storyboard */ = {
			isa = PBXVariantGroup;
			children = (
				9407EE521EA1ACB700FC431A /* Base */,
			);
			name = LaunchScreen.storyboard;
			sourceTree = "<group>";
		};
/* End PBXVariantGroup section */

/* Begin XCBuildConfiguration section */
		9407EE6B1EA1ACB800FC431A /* Debug */ = {
			isa = XCBuildConfiguration;
			buildSettings = {
				ALWAYS_SEARCH_USER_PATHS = NO;
				CLANG_ANALYZER_NONNULL = YES;
				CLANG_CXX_LANGUAGE_STANDARD = "gnu++0x";
				CLANG_CXX_LIBRARY = "libc++";
				CLANG_ENABLE_MODULES = YES;
				CLANG_ENABLE_OBJC_ARC = YES;
				CLANG_WARN_BOOL_CONVERSION = YES;
				CLANG_WARN_CONSTANT_CONVERSION = YES;
				CLANG_WARN_DIRECT_OBJC_ISA_USAGE = YES_ERROR;
				CLANG_WARN_DOCUMENTATION_COMMENTS = YES;
				CLANG_WARN_EMPTY_BODY = YES;
				CLANG_WARN_ENUM_CONVERSION = YES;
				CLANG_WARN_INFINITE_RECURSION = YES;
				CLANG_WARN_INT_CONVERSION = YES;
				CLANG_WARN_OBJC_ROOT_CLASS = YES_ERROR;
				CLANG_WARN_SUSPICIOUS_MOVE = YES;
				CLANG_WARN_UNREACHABLE_CODE = YES;
				CLANG_WARN__DUPLICATE_METHOD_MATCH = YES;
				"CODE_SIGN_IDENTITY[sdk=iphoneos*]" = "iPhone Developer";
				COPY_PHASE_STRIP = NO;
				DEBUG_INFORMATION_FORMAT = dwarf;
				ENABLE_STRICT_OBJC_MSGSEND = YES;
				ENABLE_TESTABILITY = YES;
				GCC_C_LANGUAGE_STANDARD = gnu99;
				GCC_DYNAMIC_NO_PIC = NO;
				GCC_NO_COMMON_BLOCKS = YES;
				GCC_OPTIMIZATION_LEVEL = 0;
				GCC_PREPROCESSOR_DEFINITIONS = (
					"DEBUG=1",
					"$(inherited)",
				);
				GCC_WARN_64_TO_32_BIT_CONVERSION = YES;
				GCC_WARN_ABOUT_RETURN_TYPE = YES_ERROR;
				GCC_WARN_UNDECLARED_SELECTOR = YES;
				GCC_WARN_UNINITIALIZED_AUTOS = YES_AGGRESSIVE;
				GCC_WARN_UNUSED_FUNCTION = YES;
				GCC_WARN_UNUSED_VARIABLE = YES;
				IPHONEOS_DEPLOYMENT_TARGET = 10.2;
				MTL_ENABLE_DEBUG_INFO = YES;
				ONLY_ACTIVE_ARCH = YES;
				SDKROOT = iphoneos;
				SWIFT_ACTIVE_COMPILATION_CONDITIONS = DEBUG;
				SWIFT_OPTIMIZATION_LEVEL = "-Onone";
			};
			name = Debug;
		};
		9407EE6C1EA1ACB800FC431A /* Release */ = {
			isa = XCBuildConfiguration;
			buildSettings = {
				ALWAYS_SEARCH_USER_PATHS = NO;
				CLANG_ANALYZER_NONNULL = YES;
				CLANG_CXX_LANGUAGE_STANDARD = "gnu++0x";
				CLANG_CXX_LIBRARY = "libc++";
				CLANG_ENABLE_MODULES = YES;
				CLANG_ENABLE_OBJC_ARC = YES;
				CLANG_WARN_BOOL_CONVERSION = YES;
				CLANG_WARN_CONSTANT_CONVERSION = YES;
				CLANG_WARN_DIRECT_OBJC_ISA_USAGE = YES_ERROR;
				CLANG_WARN_DOCUMENTATION_COMMENTS = YES;
				CLANG_WARN_EMPTY_BODY = YES;
				CLANG_WARN_ENUM_CONVERSION = YES;
				CLANG_WARN_INFINITE_RECURSION = YES;
				CLANG_WARN_INT_CONVERSION = YES;
				CLANG_WARN_OBJC_ROOT_CLASS = YES_ERROR;
				CLANG_WARN_SUSPICIOUS_MOVE = YES;
				CLANG_WARN_UNREACHABLE_CODE = YES;
				CLANG_WARN__DUPLICATE_METHOD_MATCH = YES;
				"CODE_SIGN_IDENTITY[sdk=iphoneos*]" = "iPhone Developer";
				COPY_PHASE_STRIP = NO;
				DEBUG_INFORMATION_FORMAT = "dwarf-with-dsym";
				ENABLE_NS_ASSERTIONS = NO;
				ENABLE_STRICT_OBJC_MSGSEND = YES;
				GCC_C_LANGUAGE_STANDARD = gnu99;
				GCC_NO_COMMON_BLOCKS = YES;
				GCC_WARN_64_TO_32_BIT_CONVERSION = YES;
				GCC_WARN_ABOUT_RETURN_TYPE = YES_ERROR;
				GCC_WARN_UNDECLARED_SELECTOR = YES;
				GCC_WARN_UNINITIALIZED_AUTOS = YES_AGGRESSIVE;
				GCC_WARN_UNUSED_FUNCTION = YES;
				GCC_WARN_UNUSED_VARIABLE = YES;
				IPHONEOS_DEPLOYMENT_TARGET = 10.2;
				MTL_ENABLE_DEBUG_INFO = NO;
				SDKROOT = iphoneos;
				SWIFT_OPTIMIZATION_LEVEL = "-Owholemodule";
				VALIDATE_PRODUCT = YES;
			};
			name = Release;
		};
		9407EE6E1EA1ACB800FC431A /* Debug */ = {
			isa = XCBuildConfiguration;
			buildSettings = {
				ASSETCATALOG_COMPILER_APPICON_NAME = AppIcon;
				INFOPLIST_FILE = MyInventory/Info.plist;
				LD_RUNPATH_SEARCH_PATHS = "$(inherited) @executable_path/Frameworks";
				PRODUCT_BUNDLE_IDENTIFIER = com.jp.MyInventory;
				PRODUCT_NAME = "$(TARGET_NAME)";
				SWIFT_VERSION = 3.0;
			};
			name = Debug;
		};
		9407EE6F1EA1ACB800FC431A /* Release */ = {
			isa = XCBuildConfiguration;
			buildSettings = {
				ASSETCATALOG_COMPILER_APPICON_NAME = AppIcon;
				INFOPLIST_FILE = MyInventory/Info.plist;
				LD_RUNPATH_SEARCH_PATHS = "$(inherited) @executable_path/Frameworks";
				PRODUCT_BUNDLE_IDENTIFIER = com.jp.MyInventory;
				PRODUCT_NAME = "$(TARGET_NAME)";
				SWIFT_VERSION = 3.0;
			};
			name = Release;
		};
		9407EE711EA1ACB800FC431A /* Debug */ = {
			isa = XCBuildConfiguration;
			buildSettings = {
				ALWAYS_EMBED_SWIFT_STANDARD_LIBRARIES = YES;
				BUNDLE_LOADER = "$(TEST_HOST)";
				INFOPLIST_FILE = MyInventoryTests/Info.plist;
				LD_RUNPATH_SEARCH_PATHS = "$(inherited) @executable_path/Frameworks @loader_path/Frameworks";
				PRODUCT_BUNDLE_IDENTIFIER = com.jp.MyInventoryTests;
				PRODUCT_NAME = "$(TARGET_NAME)";
				SWIFT_VERSION = 3.0;
				TEST_HOST = "$(BUILT_PRODUCTS_DIR)/MyInventory.app/MyInventory";
			};
			name = Debug;
		};
		9407EE721EA1ACB800FC431A /* Release */ = {
			isa = XCBuildConfiguration;
			buildSettings = {
				ALWAYS_EMBED_SWIFT_STANDARD_LIBRARIES = YES;
				BUNDLE_LOADER = "$(TEST_HOST)";
				INFOPLIST_FILE = MyInventoryTests/Info.plist;
				LD_RUNPATH_SEARCH_PATHS = "$(inherited) @executable_path/Frameworks @loader_path/Frameworks";
				PRODUCT_BUNDLE_IDENTIFIER = com.jp.MyInventoryTests;
				PRODUCT_NAME = "$(TARGET_NAME)";
				SWIFT_VERSION = 3.0;
				TEST_HOST = "$(BUILT_PRODUCTS_DIR)/MyInventory.app/MyInventory";
			};
			name = Release;
		};
		9407EE741EA1ACB800FC431A /* Debug */ = {
			isa = XCBuildConfiguration;
			buildSettings = {
				ALWAYS_EMBED_SWIFT_STANDARD_LIBRARIES = YES;
				INFOPLIST_FILE = MyInventoryUITests/Info.plist;
				LD_RUNPATH_SEARCH_PATHS = "$(inherited) @executable_path/Frameworks @loader_path/Frameworks";
				PRODUCT_BUNDLE_IDENTIFIER = com.jp.MyInventoryUITests;
				PRODUCT_NAME = "$(TARGET_NAME)";
				SWIFT_VERSION = 3.0;
				TEST_TARGET_NAME = MyInventory;
			};
			name = Debug;
		};
		9407EE751EA1ACB800FC431A /* Release */ = {
			isa = XCBuildConfiguration;
			buildSettings = {
				ALWAYS_EMBED_SWIFT_STANDARD_LIBRARIES = YES;
				INFOPLIST_FILE = MyInventoryUITests/Info.plist;
				LD_RUNPATH_SEARCH_PATHS = "$(inherited) @executable_path/Frameworks @loader_path/Frameworks";
				PRODUCT_BUNDLE_IDENTIFIER = com.jp.MyInventoryUITests;
				PRODUCT_NAME = "$(TARGET_NAME)";
				SWIFT_VERSION = 3.0;
				TEST_TARGET_NAME = MyInventory;
			};
			name = Release;
		};
/* End XCBuildConfiguration section */

/* Begin XCConfigurationList section */
		9407EE401EA1ACB700FC431A /* Build configuration list for PBXProject "MyInventory" */ = {
			isa = XCConfigurationList;
			buildConfigurations = (
				9407EE6B1EA1ACB800FC431A /* Debug */,
				9407EE6C1EA1ACB800FC431A /* Release */,
			);
			defaultConfigurationIsVisible = 0;
			defaultConfigurationName = Release;
		};
		9407EE6D1EA1ACB800FC431A /* Build configuration list for PBXNativeTarget "MyInventory" */ = {
			isa = XCConfigurationList;
			buildConfigurations = (
				9407EE6E1EA1ACB800FC431A /* Debug */,
				9407EE6F1EA1ACB800FC431A /* Release */,
			);
			defaultConfigurationIsVisible = 0;
			defaultConfigurationName = Release;
		};
		9407EE701EA1ACB800FC431A /* Build configuration list for PBXNativeTarget "MyInventoryTests" */ = {
			isa = XCConfigurationList;
			buildConfigurations = (
				9407EE711EA1ACB800FC431A /* Debug */,
				9407EE721EA1ACB800FC431A /* Release */,
			);
			defaultConfigurationIsVisible = 0;
			defaultConfigurationName = Release;
		};
		9407EE731EA1ACB800FC431A /* Build configuration list for PBXNativeTarget "MyInventoryUITests" */ = {
			isa = XCConfigurationList;
			buildConfigurations = (
				9407EE741EA1ACB800FC431A /* Debug */,
				9407EE751EA1ACB800FC431A /* Release */,
			);
			defaultConfigurationIsVisible = 0;
			defaultConfigurationName = Release;
		};
/* End XCConfigurationList section */
	};
	rootObject = 9407EE3D1EA1ACB700FC431A /* Project object */;
}
